
Microsoft Visual Studio Solution File, Format Version 12.00
# Visual Studio Version 17
VisualStudioVersion = 17.8.34511.84
MinimumVisualStudioVersion = 10.0.40219.1
Project("{8BC9CEB8-8B4A-11D0-8D11-00A0C91BC942}") = "actividad0", "actividad0\actividad0.vcxproj", "{AEE10130-1C5E-4422-85C2-33F61FF6A6BD}"
EndProject
Global
	GlobalSection(SolutionConfigurationPlatforms) = preSolution
		Debug|x64 = Debug|x64
		Release|x64 = Release|x64
	EndGlobalSection
	GlobalSection(ProjectConfigurationPlatforms) = postSolution
		{AEE10130-1C5E-4422-85C2-33F61FF6A6BD}.Debug|x64.ActiveCfg = Debug|x64
		{AEE10130-1C5E-4422-85C2-33F61FF6A6BD}.Debug|x64.Build.0 = Debug|x64
		{AEE10130-1C5E-4422-85C2-33F61FF6A6BD}.Release|x64.ActiveCfg = Release|x64
		{AEE10130-1C5E-4422-85C2-33F61FF6A6BD}.Release|x64.Build.0 = Release|x64
	EndGlobalSection
	GlobalSection(SolutionProperties) = preSolution
		HideSolutionNode = FALSE
	EndGlobalSection
	GlobalSection(ExtensibilityGlobals) = postSolution
		SolutionGuid = {A6941860-B2C0-4BF1-967B-F6FE4BBBCD0B}
	EndGlobalSection
EndGlobal
