
Microsoft Visual Studio Solution File, Format Version 12.00
# Visual Studio Version 17
VisualStudioVersion = 17.8.34511.84
MinimumVisualStudioVersion = 10.0.40219.1
Project("{8BC9CEB8-8B4A-11D0-8D11-00A0C91BC942}") = "Partial2_SudokuSolver_Final", "Partial2_SudokuSolver_Final\Partial2_SudokuSolver_Final.vcxproj", "{337F0051-40E6-45B8-A12E-0E00D88ECCE9}"
EndProject
Global
	GlobalSection(SolutionConfigurationPlatforms) = preSolution
		Debug|x64 = Debug|x64
		Release|x64 = Release|x64
	EndGlobalSection
	GlobalSection(ProjectConfigurationPlatforms) = postSolution
		{337F0051-40E6-45B8-A12E-0E00D88ECCE9}.Debug|x64.ActiveCfg = Debug|x64
		{337F0051-40E6-45B8-A12E-0E00D88ECCE9}.Debug|x64.Build.0 = Debug|x64
		{337F0051-40E6-45B8-A12E-0E00D88ECCE9}.Release|x64.ActiveCfg = Release|x64
		{337F0051-40E6-45B8-A12E-0E00D88ECCE9}.Release|x64.Build.0 = Release|x64
	EndGlobalSection
	GlobalSection(SolutionProperties) = preSolution
		HideSolutionNode = FALSE
	EndGlobalSection
	GlobalSection(ExtensibilityGlobals) = postSolution
		SolutionGuid = {030FE724-E0EB-4C85-8DA8-AE0E1415702E}
	EndGlobalSection
EndGlobal
